[[package]]
name = "printo"
version = "0.1.0"
author = "damirka"
import_name = "printo"

[package.dependencies]
ello = "damirka-print-ello@0.1.0"
old = "damirka-print-old@0.1.0"

[[package]]
name = "print-ello"
version = "0.1.0"
author = "damirka"
import_name = "ello"

[[package]]
name = "print-old"
version = "0.1.0"
author = "damirka"
import_name = "old"

[[package]]
name = "fourth"
version = "0.1.0"
author = "damirka"
import_name = "old"

[package.dependencies]
doge = "yeagerj-dogecoin@0.1.0"

[[package]]
name = "dogecoin"
version = "0.1.0"
author = "yeagerj"
import_name = "doge"
